
Microsoft Visual Studio Solution File, Format Version 12.00
# Visual Studio Version 17
VisualStudioVersion = 17.1.32328.378
MinimumVisualStudioVersion = 10.0.40219.1
Project("{FAE04EC0-301F-11D3-BF4B-00C04F79EFBC}") = "CustomersAPI", "CustomersAPI.csproj", "{95945984-B8AB-4792-B69B-8A41A262A9F8}"
EndProject
Project("{FAE04EC0-301F-11D3-BF4B-00C04F79EFBC}") = "Customers.DAL", "..\Customers.DAL\Customers.DAL.csproj", "{3889A2DE-24F4-4941-8574-A553ADECA4B6}"
EndProject
Global
	GlobalSection(SolutionConfigurationPlatforms) = preSolution
		Debug|Any CPU = Debug|Any CPU
		Release|Any CPU = Release|Any CPU
	EndGlobalSection
	GlobalSection(ProjectConfigurationPlatforms) = postSolution
		{95945984-B8AB-4792-B69B-8A41A262A9F8}.Debug|Any CPU.ActiveCfg = Debug|Any CPU
		{95945984-B8AB-4792-B69B-8A41A262A9F8}.Debug|Any CPU.Build.0 = Debug|Any CPU
		{95945984-B8AB-4792-B69B-8A41A262A9F8}.Release|Any CPU.ActiveCfg = Release|Any CPU
		{95945984-B8AB-4792-B69B-8A41A262A9F8}.Release|Any CPU.Build.0 = Release|Any CPU
		{3889A2DE-24F4-4941-8574-A553ADECA4B6}.Debug|Any CPU.ActiveCfg = Debug|Any CPU
		{3889A2DE-24F4-4941-8574-A553ADECA4B6}.Debug|Any CPU.Build.0 = Debug|Any CPU
		{3889A2DE-24F4-4941-8574-A553ADECA4B6}.Release|Any CPU.ActiveCfg = Release|Any CPU
		{3889A2DE-24F4-4941-8574-A553ADECA4B6}.Release|Any CPU.Build.0 = Release|Any CPU
	EndGlobalSection
	GlobalSection(SolutionProperties) = preSolution
		HideSolutionNode = FALSE
	EndGlobalSection
	GlobalSection(ExtensibilityGlobals) = postSolution
		SolutionGuid = {6C244659-54FF-4571-895E-BF358D985739}
	EndGlobalSection
EndGlobal
